
Microsoft Visual Studio Solution File, Format Version 12.00
# Visual Studio Version 17
VisualStudioVersion = 17.10.35004.147
MinimumVisualStudioVersion = 10.0.40219.1
Project("{FAE04EC0-301F-11D3-BF4B-00C04F79EFBC}") = "BlazorAppRadzenRoleBasedAuthwithIdentity", "BlazorAppRadzenRoleBasedAuthwithIdentity\BlazorAppRadzenRoleBasedAuthwithIdentity.csproj", "{CED2609C-AF90-41F6-9979-89519F4594EF}"
EndProject
Global
	GlobalSection(SolutionConfigurationPlatforms) = preSolution
		Debug|Any CPU = Debug|Any CPU
		Release|Any CPU = Release|Any CPU
	EndGlobalSection
	GlobalSection(ProjectConfigurationPlatforms) = postSolution
		{CED2609C-AF90-41F6-9979-89519F4594EF}.Debug|Any CPU.ActiveCfg = Debug|Any CPU
		{CED2609C-AF90-41F6-9979-89519F4594EF}.Debug|Any CPU.Build.0 = Debug|Any CPU
		{CED2609C-AF90-41F6-9979-89519F4594EF}.Release|Any CPU.ActiveCfg = Release|Any CPU
		{CED2609C-AF90-41F6-9979-89519F4594EF}.Release|Any CPU.Build.0 = Release|Any CPU
	EndGlobalSection
	GlobalSection(SolutionProperties) = preSolution
		HideSolutionNode = FALSE
	EndGlobalSection
	GlobalSection(ExtensibilityGlobals) = postSolution
		SolutionGuid = {B1F446D1-4E7F-4A0A-9B26-E13C7D3F9C68}
	EndGlobalSection
EndGlobal
