
Microsoft Visual Studio Solution File, Format Version 12.00
# Visual Studio Version 17
VisualStudioVersion = 17.8.34601.278
MinimumVisualStudioVersion = 10.0.40219.1
Project("{FAE04EC0-301F-11D3-BF4B-00C04F79EFBC}") = "BlazorAppRadzenHtmlEditor", "BlazorAppRadzenHtmlEditor\BlazorAppRadzenHtmlEditor.csproj", "{F294D76E-112B-49BC-ACAD-06F83FD41D64}"
EndProject
Global
	GlobalSection(SolutionConfigurationPlatforms) = preSolution
		Debug|Any CPU = Debug|Any CPU
		Release|Any CPU = Release|Any CPU
	EndGlobalSection
	GlobalSection(ProjectConfigurationPlatforms) = postSolution
		{F294D76E-112B-49BC-ACAD-06F83FD41D64}.Debug|Any CPU.ActiveCfg = Debug|Any CPU
		{F294D76E-112B-49BC-ACAD-06F83FD41D64}.Debug|Any CPU.Build.0 = Debug|Any CPU
		{F294D76E-112B-49BC-ACAD-06F83FD41D64}.Release|Any CPU.ActiveCfg = Release|Any CPU
		{F294D76E-112B-49BC-ACAD-06F83FD41D64}.Release|Any CPU.Build.0 = Release|Any CPU
	EndGlobalSection
	GlobalSection(SolutionProperties) = preSolution
		HideSolutionNode = FALSE
	EndGlobalSection
	GlobalSection(ExtensibilityGlobals) = postSolution
		SolutionGuid = {33D655BE-FD9B-42AE-BDF3-CADB373E4149}
	EndGlobalSection
EndGlobal
