
Microsoft Visual Studio Solution File, Format Version 12.00
# Visual Studio Version 17
VisualStudioVersion = 17.10.35004.147
MinimumVisualStudioVersion = 10.0.40219.1
Project("{FAE04EC0-301F-11D3-BF4B-00C04F79EFBC}") = "BlazorAppRadzenNet8UpgradeRadzen4to5", "BlazorAppRadzenNet8UpgradeRadzen4to5\BlazorAppRadzenNet8UpgradeRadzen4to5.csproj", "{2A3D3409-F811-4BAD-81B1-10243349D26C}"
EndProject
Global
	GlobalSection(SolutionConfigurationPlatforms) = preSolution
		Debug|Any CPU = Debug|Any CPU
		Release|Any CPU = Release|Any CPU
	EndGlobalSection
	GlobalSection(ProjectConfigurationPlatforms) = postSolution
		{2A3D3409-F811-4BAD-81B1-10243349D26C}.Debug|Any CPU.ActiveCfg = Debug|Any CPU
		{2A3D3409-F811-4BAD-81B1-10243349D26C}.Debug|Any CPU.Build.0 = Debug|Any CPU
		{2A3D3409-F811-4BAD-81B1-10243349D26C}.Release|Any CPU.ActiveCfg = Release|Any CPU
		{2A3D3409-F811-4BAD-81B1-10243349D26C}.Release|Any CPU.Build.0 = Release|Any CPU
	EndGlobalSection
	GlobalSection(SolutionProperties) = preSolution
		HideSolutionNode = FALSE
	EndGlobalSection
	GlobalSection(ExtensibilityGlobals) = postSolution
		SolutionGuid = {E78B5F08-4975-4B9B-B9F8-DFDD0DAE2608}
	EndGlobalSection
EndGlobal
