
Microsoft Visual Studio Solution File, Format Version 12.00
# Visual Studio Version 17
VisualStudioVersion = 17.6.33815.320
MinimumVisualStudioVersion = 10.0.40219.1
Project("{9A19103F-16F7-4668-BE54-9A1E7A4F7556}") = "BlazorAppRadzenCRUD", "BlazorAppRadzenCRUD\BlazorAppRadzenCRUD.csproj", "{6E044038-4EB9-4E5F-B58A-36A35A408961}"
EndProject
Global
	GlobalSection(SolutionConfigurationPlatforms) = preSolution
		Debug|Any CPU = Debug|Any CPU
		Release|Any CPU = Release|Any CPU
	EndGlobalSection
	GlobalSection(ProjectConfigurationPlatforms) = postSolution
		{6E044038-4EB9-4E5F-B58A-36A35A408961}.Debug|Any CPU.ActiveCfg = Debug|Any CPU
		{6E044038-4EB9-4E5F-B58A-36A35A408961}.Debug|Any CPU.Build.0 = Debug|Any CPU
		{6E044038-4EB9-4E5F-B58A-36A35A408961}.Release|Any CPU.ActiveCfg = Release|Any CPU
		{6E044038-4EB9-4E5F-B58A-36A35A408961}.Release|Any CPU.Build.0 = Release|Any CPU
	EndGlobalSection
	GlobalSection(SolutionProperties) = preSolution
		HideSolutionNode = FALSE
	EndGlobalSection
	GlobalSection(ExtensibilityGlobals) = postSolution
		SolutionGuid = {FCE5C5DE-2AB3-4E5C-8EA8-A9CEE3CAA3F6}
	EndGlobalSection
EndGlobal
