
Microsoft Visual Studio Solution File, Format Version 12.00
# Visual Studio Version 17
VisualStudioVersion = 17.6.33815.320
MinimumVisualStudioVersion = 10.0.40219.1
Project("{FAE04EC0-301F-11D3-BF4B-00C04F79EFBC}") = "BlazorAppVideoPlayer", "BlazorAppVideoPlayer\BlazorAppVideoPlayer.csproj", "{BDAC9685-ECCC-45C2-858E-4C7E26173D5F}"
EndProject
Global
	GlobalSection(SolutionConfigurationPlatforms) = preSolution
		Debug|Any CPU = Debug|Any CPU
		Release|Any CPU = Release|Any CPU
	EndGlobalSection
	GlobalSection(ProjectConfigurationPlatforms) = postSolution
		{BDAC9685-ECCC-45C2-858E-4C7E26173D5F}.Debug|Any CPU.ActiveCfg = Debug|Any CPU
		{BDAC9685-ECCC-45C2-858E-4C7E26173D5F}.Debug|Any CPU.Build.0 = Debug|Any CPU
		{BDAC9685-ECCC-45C2-858E-4C7E26173D5F}.Release|Any CPU.ActiveCfg = Release|Any CPU
		{BDAC9685-ECCC-45C2-858E-4C7E26173D5F}.Release|Any CPU.Build.0 = Release|Any CPU
	EndGlobalSection
	GlobalSection(SolutionProperties) = preSolution
		HideSolutionNode = FALSE
	EndGlobalSection
	GlobalSection(ExtensibilityGlobals) = postSolution
		SolutionGuid = {2CADD0E9-D02C-4939-A9A8-BE17006D884F}
	EndGlobalSection
EndGlobal
