
Microsoft Visual Studio Solution File, Format Version 12.00
# Visual Studio Version 17
VisualStudioVersion = 17.14.36203.30 d17.14
MinimumVisualStudioVersion = 10.0.40219.1
Project("{FAE04EC0-301F-11D3-BF4B-00C04F79EFBC}") = "BlazorAppRadzenNet8DataGridInLineEdit", "BlazorAppRadzenNet8DataGridInLineEdit\BlazorAppRadzenNet8DataGridInLineEdit.csproj", "{945B2BF1-31BD-4403-BC69-5733FE79715D}"
EndProject
Global
	GlobalSection(SolutionConfigurationPlatforms) = preSolution
		Debug|Any CPU = Debug|Any CPU
		Release|Any CPU = Release|Any CPU
	EndGlobalSection
	GlobalSection(ProjectConfigurationPlatforms) = postSolution
		{945B2BF1-31BD-4403-BC69-5733FE79715D}.Debug|Any CPU.ActiveCfg = Debug|Any CPU
		{945B2BF1-31BD-4403-BC69-5733FE79715D}.Debug|Any CPU.Build.0 = Debug|Any CPU
		{945B2BF1-31BD-4403-BC69-5733FE79715D}.Release|Any CPU.ActiveCfg = Release|Any CPU
		{945B2BF1-31BD-4403-BC69-5733FE79715D}.Release|Any CPU.Build.0 = Release|Any CPU
	EndGlobalSection
	GlobalSection(SolutionProperties) = preSolution
		HideSolutionNode = FALSE
	EndGlobalSection
	GlobalSection(ExtensibilityGlobals) = postSolution
		SolutionGuid = {9368C55C-4418-489F-8714-8FB7113912C3}
	EndGlobalSection
EndGlobal
