
Microsoft Visual Studio Solution File, Format Version 12.00
# Visual Studio Version 17
VisualStudioVersion = 17.6.33829.357
MinimumVisualStudioVersion = 10.0.40219.1
Project("{FAE04EC0-301F-11D3-BF4B-00C04F79EFBC}") = "BlazorAppreCAPTCHAv3", "BlazorAppreCAPTCHAv3\BlazorAppreCAPTCHAv3.csproj", "{32FC5E61-C514-4D2D-BE0F-81F9EEA806EB}"
EndProject
Global
	GlobalSection(SolutionConfigurationPlatforms) = preSolution
		Debug|Any CPU = Debug|Any CPU
		Release|Any CPU = Release|Any CPU
	EndGlobalSection
	GlobalSection(ProjectConfigurationPlatforms) = postSolution
		{32FC5E61-C514-4D2D-BE0F-81F9EEA806EB}.Debug|Any CPU.ActiveCfg = Debug|Any CPU
		{32FC5E61-C514-4D2D-BE0F-81F9EEA806EB}.Debug|Any CPU.Build.0 = Debug|Any CPU
		{32FC5E61-C514-4D2D-BE0F-81F9EEA806EB}.Release|Any CPU.ActiveCfg = Release|Any CPU
		{32FC5E61-C514-4D2D-BE0F-81F9EEA806EB}.Release|Any CPU.Build.0 = Release|Any CPU
	EndGlobalSection
	GlobalSection(SolutionProperties) = preSolution
		HideSolutionNode = FALSE
	EndGlobalSection
	GlobalSection(ExtensibilityGlobals) = postSolution
		SolutionGuid = {42ADCE39-7332-4B19-B57B-B99454CACE9E}
	EndGlobalSection
EndGlobal
