
Microsoft Visual Studio Solution File, Format Version 12.00
# Visual Studio Version 17
VisualStudioVersion = 17.6.33829.357
MinimumVisualStudioVersion = 10.0.40219.1
Project("{FAE04EC0-301F-11D3-BF4B-00C04F79EFBC}") = "BlazorAppQuartzNETScheduler", "BlazorAppQuartzNETScheduler\BlazorAppQuartzNETScheduler.csproj", "{A92DAE80-1EF3-4E84-9F4D-C927A9410A73}"
EndProject
Global
	GlobalSection(SolutionConfigurationPlatforms) = preSolution
		Debug|Any CPU = Debug|Any CPU
		Release|Any CPU = Release|Any CPU
	EndGlobalSection
	GlobalSection(ProjectConfigurationPlatforms) = postSolution
		{A92DAE80-1EF3-4E84-9F4D-C927A9410A73}.Debug|Any CPU.ActiveCfg = Debug|Any CPU
		{A92DAE80-1EF3-4E84-9F4D-C927A9410A73}.Debug|Any CPU.Build.0 = Debug|Any CPU
		{A92DAE80-1EF3-4E84-9F4D-C927A9410A73}.Release|Any CPU.ActiveCfg = Release|Any CPU
		{A92DAE80-1EF3-4E84-9F4D-C927A9410A73}.Release|Any CPU.Build.0 = Release|Any CPU
	EndGlobalSection
	GlobalSection(SolutionProperties) = preSolution
		HideSolutionNode = FALSE
	EndGlobalSection
	GlobalSection(ExtensibilityGlobals) = postSolution
		SolutionGuid = {112F32C6-FE83-49BC-A667-52BD2469DAFC}
	EndGlobalSection
EndGlobal
