
Microsoft Visual Studio Solution File, Format Version 12.00
# Visual Studio Version 17
VisualStudioVersion = 17.6.33829.357
MinimumVisualStudioVersion = 10.0.40219.1
Project("{FAE04EC0-301F-11D3-BF4B-00C04F79EFBC}") = "BlazorAppResizeUploadImages", "BlazorAppResizeUploadImages\BlazorAppResizeUploadImages.csproj", "{1A07176C-3971-40F0-AD84-7F0AB3CD4AEA}"
EndProject
Global
	GlobalSection(SolutionConfigurationPlatforms) = preSolution
		Debug|Any CPU = Debug|Any CPU
		Release|Any CPU = Release|Any CPU
	EndGlobalSection
	GlobalSection(ProjectConfigurationPlatforms) = postSolution
		{1A07176C-3971-40F0-AD84-7F0AB3CD4AEA}.Debug|Any CPU.ActiveCfg = Debug|Any CPU
		{1A07176C-3971-40F0-AD84-7F0AB3CD4AEA}.Debug|Any CPU.Build.0 = Debug|Any CPU
		{1A07176C-3971-40F0-AD84-7F0AB3CD4AEA}.Release|Any CPU.ActiveCfg = Release|Any CPU
		{1A07176C-3971-40F0-AD84-7F0AB3CD4AEA}.Release|Any CPU.Build.0 = Release|Any CPU
	EndGlobalSection
	GlobalSection(SolutionProperties) = preSolution
		HideSolutionNode = FALSE
	EndGlobalSection
	GlobalSection(ExtensibilityGlobals) = postSolution
		SolutionGuid = {487E5CF4-D134-480D-8242-F50A5D8FB345}
	EndGlobalSection
EndGlobal
