
Microsoft Visual Studio Solution File, Format Version 12.00
# Visual Studio Version 17
VisualStudioVersion = 17.6.33829.357
MinimumVisualStudioVersion = 10.0.40219.1
Project("{FAE04EC0-301F-11D3-BF4B-00C04F79EFBC}") = "BlazorAppRadzenLoading", "BlazorAppRadzenLoading\BlazorAppRadzenLoading.csproj", "{F6519946-C7AC-4B11-8B86-B75D7BEB977E}"
EndProject
Global
	GlobalSection(SolutionConfigurationPlatforms) = preSolution
		Debug|Any CPU = Debug|Any CPU
		Release|Any CPU = Release|Any CPU
	EndGlobalSection
	GlobalSection(ProjectConfigurationPlatforms) = postSolution
		{F6519946-C7AC-4B11-8B86-B75D7BEB977E}.Debug|Any CPU.ActiveCfg = Debug|Any CPU
		{F6519946-C7AC-4B11-8B86-B75D7BEB977E}.Debug|Any CPU.Build.0 = Debug|Any CPU
		{F6519946-C7AC-4B11-8B86-B75D7BEB977E}.Release|Any CPU.ActiveCfg = Release|Any CPU
		{F6519946-C7AC-4B11-8B86-B75D7BEB977E}.Release|Any CPU.Build.0 = Release|Any CPU
	EndGlobalSection
	GlobalSection(SolutionProperties) = preSolution
		HideSolutionNode = FALSE
	EndGlobalSection
	GlobalSection(ExtensibilityGlobals) = postSolution
		SolutionGuid = {47041FAA-EB72-45CF-AC54-1FE44FE4E214}
	EndGlobalSection
EndGlobal
