
Microsoft Visual Studio Solution File, Format Version 12.00
# Visual Studio Version 17
VisualStudioVersion = 17.6.33829.357
MinimumVisualStudioVersion = 10.0.40219.1
Project("{9A19103F-16F7-4668-BE54-9A1E7A4F7556}") = "BlazorAppAuth", "BlazorAppAuth\BlazorAppAuth.csproj", "{F3924964-8E56-48F9-A702-A1BFB49B35B1}"
EndProject
Global
	GlobalSection(SolutionConfigurationPlatforms) = preSolution
		Debug|Any CPU = Debug|Any CPU
		Release|Any CPU = Release|Any CPU
	EndGlobalSection
	GlobalSection(ProjectConfigurationPlatforms) = postSolution
		{F3924964-8E56-48F9-A702-A1BFB49B35B1}.Debug|Any CPU.ActiveCfg = Debug|Any CPU
		{F3924964-8E56-48F9-A702-A1BFB49B35B1}.Debug|Any CPU.Build.0 = Debug|Any CPU
		{F3924964-8E56-48F9-A702-A1BFB49B35B1}.Release|Any CPU.ActiveCfg = Release|Any CPU
		{F3924964-8E56-48F9-A702-A1BFB49B35B1}.Release|Any CPU.Build.0 = Release|Any CPU
	EndGlobalSection
	GlobalSection(SolutionProperties) = preSolution
		HideSolutionNode = FALSE
	EndGlobalSection
	GlobalSection(ExtensibilityGlobals) = postSolution
		SolutionGuid = {4C0DC086-D43E-4FFF-91EF-620B1E394E9C}
	EndGlobalSection
EndGlobal
