
Microsoft Visual Studio Solution File, Format Version 12.00
# Visual Studio Version 17
VisualStudioVersion = 17.8.34601.278
MinimumVisualStudioVersion = 10.0.40219.1
Project("{FAE04EC0-301F-11D3-BF4B-00C04F79EFBC}") = "BlazorAppRadzenNet8SerilogLogging", "BlazorAppRadzenNet8SerilogLogging\BlazorAppRadzenNet8SerilogLogging.csproj", "{A0D005D1-56D6-4540-B107-42D5188042A1}"
EndProject
Global
	GlobalSection(SolutionConfigurationPlatforms) = preSolution
		Debug|Any CPU = Debug|Any CPU
		Release|Any CPU = Release|Any CPU
	EndGlobalSection
	GlobalSection(ProjectConfigurationPlatforms) = postSolution
		{A0D005D1-56D6-4540-B107-42D5188042A1}.Debug|Any CPU.ActiveCfg = Debug|Any CPU
		{A0D005D1-56D6-4540-B107-42D5188042A1}.Debug|Any CPU.Build.0 = Debug|Any CPU
		{A0D005D1-56D6-4540-B107-42D5188042A1}.Release|Any CPU.ActiveCfg = Release|Any CPU
		{A0D005D1-56D6-4540-B107-42D5188042A1}.Release|Any CPU.Build.0 = Release|Any CPU
	EndGlobalSection
	GlobalSection(SolutionProperties) = preSolution
		HideSolutionNode = FALSE
	EndGlobalSection
	GlobalSection(ExtensibilityGlobals) = postSolution
		SolutionGuid = {EDF75B28-8549-46F9-A08B-A83715AEB2C4}
	EndGlobalSection
EndGlobal
